Microsoft Visual Studio Solution File, Format Version 11.00
# Visual Studio 2008

Project("{DC3DD13A-AEBA-EB90-CCAF-E1C87C98802D}") = "FlappyRealFish", "Assembly-CSharp-firstpass.csproj", "{A9D9400C-E8E5-1B9E-2EE4-746AC9F97CF5}"
EndProject
Project("{DC3DD13A-AEBA-EB90-CCAF-E1C87C98802D}") = "FlappyRealFish", "Assembly-CSharp.csproj", "{3939FA0E-F2E8-F6BE-30D3-361758D3030B}"
EndProject
Project("{DC3DD13A-AEBA-EB90-CCAF-E1C87C98802D}") = "FlappyRealFish", "Assembly-CSharp-Editor.csproj", "{8273F0C9-EE6A-C828-74A2-94867E07B4D8}"
EndProject
Global
	GlobalSection(SolutionConfigurationPlatforms) = preSolution
		Debug|Any CPU = Debug|Any CPU
		Release|Any CPU = Release|Any CPU
	EndGlobalSection
	GlobalSection(ProjectConfigurationPlatforms) = postSolution
		{A9D9400C-E8E5-1B9E-2EE4-746AC9F97CF5}.Debug|Any CPU.ActiveCfg = Debug|Any CPU
		{A9D9400C-E8E5-1B9E-2EE4-746AC9F97CF5}.Debug|Any CPU.Build.0 = Debug|Any CPU
		{A9D9400C-E8E5-1B9E-2EE4-746AC9F97CF5}.Release|Any CPU.ActiveCfg = Release|Any CPU
		{A9D9400C-E8E5-1B9E-2EE4-746AC9F97CF5}.Release|Any CPU.Build.0 = Release|Any CPU
		{3939FA0E-F2E8-F6BE-30D3-361758D3030B}.Debug|Any CPU.ActiveCfg = Debug|Any CPU
		{3939FA0E-F2E8-F6BE-30D3-361758D3030B}.Debug|Any CPU.Build.0 = Debug|Any CPU
		{3939FA0E-F2E8-F6BE-30D3-361758D3030B}.Release|Any CPU.ActiveCfg = Release|Any CPU
		{3939FA0E-F2E8-F6BE-30D3-361758D3030B}.Release|Any CPU.Build.0 = Release|Any CPU
		{8273F0C9-EE6A-C828-74A2-94867E07B4D8}.Debug|Any CPU.ActiveCfg = Debug|Any CPU
		{8273F0C9-EE6A-C828-74A2-94867E07B4D8}.Debug|Any CPU.Build.0 = Debug|Any CPU
		{8273F0C9-EE6A-C828-74A2-94867E07B4D8}.Release|Any CPU.ActiveCfg = Release|Any CPU
		{8273F0C9-EE6A-C828-74A2-94867E07B4D8}.Release|Any CPU.Build.0 = Release|Any CPU
	EndGlobalSection
	GlobalSection(SolutionProperties) = preSolution
		HideSolutionNode = FALSE
	EndGlobalSection
	GlobalSection(MonoDevelopProperties) = preSolution
		StartupItem = Assembly-CSharp.csproj
	EndGlobalSection
EndGlobal
